
Microsoft Visual Studio Solution File, Format Version 12.00
# Visual Studio Version 17
VisualStudioVersion = 17.1.32421.90
MinimumVisualStudioVersion = 10.0.40219.1
Project("{FAE04EC0-301F-11D3-BF4B-00C04F79EFBC}") = "MachGame", "MachGame\MachGame.csproj", "{B88F47FB-1D48-4A74-9DA4-74E7F7642AAF}"
EndProject
Global
	GlobalSection(SolutionConfigurationPlatforms) = preSolution
		Debug|Any CPU = Debug|Any CPU
		Release|Any CPU = Release|Any CPU
	EndGlobalSection
	GlobalSection(ProjectConfigurationPlatforms) = postSolution
		{B88F47FB-1D48-4A74-9DA4-74E7F7642AAF}.Debug|Any CPU.ActiveCfg = Debug|Any CPU
		{B88F47FB-1D48-4A74-9DA4-74E7F7642AAF}.Debug|Any CPU.Build.0 = Debug|Any CPU
		{B88F47FB-1D48-4A74-9DA4-74E7F7642AAF}.Release|Any CPU.ActiveCfg = Release|Any CPU
		{B88F47FB-1D48-4A74-9DA4-74E7F7642AAF}.Release|Any CPU.Build.0 = Release|Any CPU
	EndGlobalSection
	GlobalSection(SolutionProperties) = preSolution
		HideSolutionNode = FALSE
	EndGlobalSection
	GlobalSection(ExtensibilityGlobals) = postSolution
		SolutionGuid = {BF6CD14C-C7CC-41A3-B090-04EA39C02536}
	EndGlobalSection
EndGlobal
